// !$*UTF8*$!
{
	archiveVersion = 1;
	classes = {
	};
	objectVersion = 55;
	objects = {

/* Begin PBXBuildFile section */
		BA01433F2864BA6B00984CA5 /* CustomHeader.swift in Sources */ = {isa = PBXBuildFile; fileRef = BA01433E2864BA6B00984CA5 /* CustomHeader.swift */; };
		BA0A622C286378BF0099A44F /* ExercisesLibrary.swift in Sources */ = {isa = PBXBuildFile; fileRef = BA0A622B286378BF0099A44F /* ExercisesLibrary.swift */; };
		BA0A622F2864962D0099A44F /* ExercisesVC.swift in Sources */ = {isa = PBXBuildFile; fileRef = BA0A622E2864962D0099A44F /* ExercisesVC.swift */; };
		BA2F6BBA285253AF00754A7A /* MyWODsVC.swift in Sources */ = {isa = PBXBuildFile; fileRef = BA2F6BB9285253AF00754A7A /* MyWODsVC.swift */; };
		BA6B9C29283FE7E700E17A49 /* AppDelegate.swift in Sources */ = {isa = PBXBuildFile; fileRef = BA6B9C28283FE7E700E17A49 /* AppDelegate.swift */; };
		BA6B9C2B283FE7E700E17A49 /* SceneDelegate.swift in Sources */ = {isa = PBXBuildFile; fileRef = BA6B9C2A283FE7E700E17A49 /* SceneDelegate.swift */; };
		BA6B9C2D283FE7E700E17A49 /* MainVC.swift in Sources */ = {isa = PBXBuildFile; fileRef = BA6B9C2C283FE7E700E17A49 /* MainVC.swift */; };
		BA6B9C33283FE7E700E17A49 /* FitYou.xcdatamodeld in Sources */ = {isa = PBXBuildFile; fileRef = BA6B9C31283FE7E700E17A49 /* FitYou.xcdatamodeld */; };
		BA6B9C35283FE7EB00E17A49 /* Assets.xcassets in Resources */ = {isa = PBXBuildFile; fileRef = BA6B9C34283FE7EB00E17A49 /* Assets.xcassets */; };
		BA6B9C38283FE7EB00E17A49 /* LaunchScreen.storyboard in Resources */ = {isa = PBXBuildFile; fileRef = BA6B9C36283FE7EB00E17A49 /* LaunchScreen.storyboard */; };
		BA6B9C43283FE7EC00E17A49 /* FitYouTests.swift in Sources */ = {isa = PBXBuildFile; fileRef = BA6B9C42283FE7EC00E17A49 /* FitYouTests.swift */; };
		BA6B9C4D283FE7EC00E17A49 /* FitYouUITests.swift in Sources */ = {isa = PBXBuildFile; fileRef = BA6B9C4C283FE7EC00E17A49 /* FitYouUITests.swift */; };
		BA6B9C4F283FE7EC00E17A49 /* FitYouUITestsLaunchTests.swift in Sources */ = {isa = PBXBuildFile; fileRef = BA6B9C4E283FE7EC00E17A49 /* FitYouUITestsLaunchTests.swift */; };
		BA6B9C5C283FE9A100E17A49 /* GoogleService-Info.plist in Resources */ = {isa = PBXBuildFile; fileRef = BA6B9C5B283FE9A100E17A49 /* GoogleService-Info.plist */; };
		BA6B9C5F283FEB3C00E17A49 /* FirebaseAuth in Frameworks */ = {isa = PBXBuildFile; productRef = BA6B9C5E283FEB3C00E17A49 /* FirebaseAuth */; };
		BA6B9C61283FEB3C00E17A49 /* FirebaseDatabase in Frameworks */ = {isa = PBXBuildFile; productRef = BA6B9C60283FEB3C00E17A49 /* FirebaseDatabase */; };
		BA6B9C63283FEB3C00E17A49 /* FirebaseFirestore in Frameworks */ = {isa = PBXBuildFile; productRef = BA6B9C62283FEB3C00E17A49 /* FirebaseFirestore */; };
		BA6B9C682840C3AB00E17A49 /* WODHeader.swift in Sources */ = {isa = PBXBuildFile; fileRef = BA6B9C672840C3AB00E17A49 /* WODHeader.swift */; };
		BA6B9C6A2840D78D00E17A49 /* SectionButton.swift in Sources */ = {isa = PBXBuildFile; fileRef = BA6B9C692840D78D00E17A49 /* SectionButton.swift */; };
		BA6B9C6C2840E9B900E17A49 /* WorkoutsVC.swift in Sources */ = {isa = PBXBuildFile; fileRef = BA6B9C6B2840E9B900E17A49 /* WorkoutsVC.swift */; };
		BA6B9C6E284105FC00E17A49 /* WorkoutCell.swift in Sources */ = {isa = PBXBuildFile; fileRef = BA6B9C6D284105FC00E17A49 /* WorkoutCell.swift */; };
		BA6B9C70284126FA00E17A49 /* WODView.swift in Sources */ = {isa = PBXBuildFile; fileRef = BA6B9C6F284126FA00E17A49 /* WODView.swift */; };
		BA6B9C722841519900E17A49 /* CustomLabel.swift in Sources */ = {isa = PBXBuildFile; fileRef = BA6B9C712841519900E17A49 /* CustomLabel.swift */; };
		BA6B9C742841615800E17A49 /* CustomTableCell.swift in Sources */ = {isa = PBXBuildFile; fileRef = BA6B9C732841615800E17A49 /* CustomTableCell.swift */; };
		BA6B9C76284219E800E17A49 /* WODModel.swift in Sources */ = {isa = PBXBuildFile; fileRef = BA6B9C75284219E800E17A49 /* WODModel.swift */; };
		BA6B9C7828421B9800E17A49 /* Server.swift in Sources */ = {isa = PBXBuildFile; fileRef = BA6B9C7728421B9800E17A49 /* Server.swift */; };
		BA8A66CE2848E52000248EEF /* ProfileVC.swift in Sources */ = {isa = PBXBuildFile; fileRef = BA8A66CD2848E51F00248EEF /* ProfileVC.swift */; };
		BA8BB1D028511E5600FD5268 /* LikedWODsVC.swift in Sources */ = {isa = PBXBuildFile; fileRef = BA8BB1CF28511E5600FD5268 /* LikedWODsVC.swift */; };
		BA8C65E12843D8D700446FFC /* LogInVC.swift in Sources */ = {isa = PBXBuildFile; fileRef = BA8C65E02843D8D700446FFC /* LogInVC.swift */; };
		BA8C65E32843DB2A00446FFC /* CustomTxtField.swift in Sources */ = {isa = PBXBuildFile; fileRef = BA8C65E22843DB2A00446FFC /* CustomTxtField.swift */; };
		BA8C65E52844B8A300446FFC /* SignUpVC.swift in Sources */ = {isa = PBXBuildFile; fileRef = BA8C65E42844B8A300446FFC /* SignUpVC.swift */; };
		BA8D1873287F046E0091A0DE /* PopularWODsVC.swift in Sources */ = {isa = PBXBuildFile; fileRef = BA8D1872287F046D0091A0DE /* PopularWODsVC.swift */; };
		BA9087102872E7D800CD0AE4 /* AddWorkoutVC.swift in Sources */ = {isa = PBXBuildFile; fileRef = BA90870F2872E7D800CD0AE4 /* AddWorkoutVC.swift */; };
		BA9168D2287485DB0094A7A7 /* ExerciseEditorVC.swift in Sources */ = {isa = PBXBuildFile; fileRef = BA9168D1287485DA0094A7A7 /* ExerciseEditorVC.swift */; };
/* End PBXBuildFile section */

/* Begin PBXContainerItemProxy section */
		BA6B9C3F283FE7EC00E17A49 /* PBXContainerItemProxy */ = {
			isa = PBXContainerItemProxy;
			containerPortal = BA6B9C1D283FE7E700E17A49 /* Project object */;
			proxyType = 1;
			remoteGlobalIDString = BA6B9C24283FE7E700E17A49;
			remoteInfo = FitYou;
		};
		BA6B9C49283FE7EC00E17A49 /* PBXContainerItemProxy */ = {
			isa = PBXContainerItemProxy;
			containerPortal = BA6B9C1D283FE7E700E17A49 /* Project object */;
			proxyType = 1;
			remoteGlobalIDString = BA6B9C24283FE7E700E17A49;
			remoteInfo = FitYou;
		};
/* End PBXContainerItemProxy section */

/* Begin PBXFileReference section */
		BA01433E2864BA6B00984CA5 /* CustomHeader.swift */ = {isa = PBXFileReference; lastKnownFileType = sourcecode.swift; path = CustomHeader.swift; sourceTree = "<group>"; };
		BA0A622B286378BF0099A44F /* ExercisesLibrary.swift */ = {isa = PBXFileReference; lastKnownFileType = sourcecode.swift; path = ExercisesLibrary.swift; sourceTree = "<group>"; };
		BA0A622E2864962D0099A44F /* ExercisesVC.swift */ = {isa = PBXFileReference; lastKnownFileType = sourcecode.swift; path = ExercisesVC.swift; sourceTree = "<group>"; };
		BA2F6BB9285253AF00754A7A /* MyWODsVC.swift */ = {isa = PBXFileReference; lastKnownFileType = sourcecode.swift; path = MyWODsVC.swift; sourceTree = "<group>"; };
		BA6B9C25283FE7E700E17A49 /* FitYou.app */ = {isa = PBXFileReference; explicitFileType = wrapper.application; includeInIndex = 0; path = FitYou.app; sourceTree = BUILT_PRODUCTS_DIR; };
		BA6B9C28283FE7E700E17A49 /* AppDelegate.swift */ = {isa = PBXFileReference; lastKnownFileType = sourcecode.swift; path = AppDelegate.swift; sourceTree = "<group>"; };
		BA6B9C2A283FE7E700E17A49 /* SceneDelegate.swift */ = {isa = PBXFileReference; lastKnownFileType = sourcecode.swift; path = SceneDelegate.swift; sourceTree = "<group>"; };
		BA6B9C2C283FE7E700E17A49 /* MainVC.swift */ = {isa = PBXFileReference; lastKnownFileType = sourcecode.swift; path = MainVC.swift; sourceTree = "<group>"; };
		BA6B9C32283FE7E700E17A49 /* FitYou.xcdatamodel */ = {isa = PBXFileReference; lastKnownFileType = wrapper.xcdatamodel; path = FitYou.xcdatamodel; sourceTree = "<group>"; };
		BA6B9C34283FE7EB00E17A49 /* Assets.xcassets */ = {isa = PBXFileReference; lastKnownFileType = folder.assetcatalog; path = Assets.xcassets; sourceTree = "<group>"; };
		BA6B9C37283FE7EB00E17A49 /* Base */ = {isa = PBXFileReference; lastKnownFileType = file.storyboard; name = Base; path = Base.lproj/LaunchScreen.storyboard; sourceTree = "<group>"; };
		BA6B9C39283FE7EB00E17A49 /* Info.plist */ = {isa = PBXFileReference; lastKnownFileType = text.plist.xml; path = Info.plist; sourceTree = "<group>"; };
		BA6B9C3E283FE7EC00E17A49 /* FitYouTests.xctest */ = {isa = PBXFileReference; explicitFileType = wrapper.cfbundle; includeInIndex = 0; path = FitYouTests.xctest; sourceTree = BUILT_PRODUCTS_DIR; };
		BA6B9C42283FE7EC00E17A49 /* FitYouTests.swift */ = {isa = PBXFileReference; lastKnownFileType = sourcecode.swift; path = FitYouTests.swift; sourceTree = "<group>"; };
		BA6B9C48283FE7EC00E17A49 /* FitYouUITests.xctest */ = {isa = PBXFileReference; explicitFileType = wrapper.cfbundle; includeInIndex = 0; path = FitYouUITests.xctest; sourceTree = BUILT_PRODUCTS_DIR; };
		BA6B9C4C283FE7EC00E17A49 /* FitYouUITests.swift */ = {isa = PBXFileReference; lastKnownFileType = sourcecode.swift; path = FitYouUITests.swift; sourceTree = "<group>"; };
		BA6B9C4E283FE7EC00E17A49 /* FitYouUITestsLaunchTests.swift */ = {isa = PBXFileReference; lastKnownFileType = sourcecode.swift; path = FitYouUITestsLaunchTests.swift; sourceTree = "<group>"; };
		BA6B9C5B283FE9A100E17A49 /* GoogleService-Info.plist */ = {isa = PBXFileReference; fileEncoding = 4; lastKnownFileType = text.plist.xml; path = "GoogleService-Info.plist"; sourceTree = "<group>"; };
		BA6B9C672840C3AB00E17A49 /* WODHeader.swift */ = {isa = PBXFileReference; lastKnownFileType = sourcecode.swift; path = WODHeader.swift; sourceTree = "<group>"; };
		BA6B9C692840D78D00E17A49 /* SectionButton.swift */ = {isa = PBXFileReference; lastKnownFileType = sourcecode.swift; path = SectionButton.swift; sourceTree = "<group>"; };
		BA6B9C6B2840E9B900E17A49 /* WorkoutsVC.swift */ = {isa = PBXFileReference; lastKnownFileType = sourcecode.swift; path = WorkoutsVC.swift; sourceTree = "<group>"; };
		BA6B9C6D284105FC00E17A49 /* WorkoutCell.swift */ = {isa = PBXFileReference; lastKnownFileType = sourcecode.swift; path = WorkoutCell.swift; sourceTree = "<group>"; };
		BA6B9C6F284126FA00E17A49 /* WODView.swift */ = {isa = PBXFileReference; lastKnownFileType = sourcecode.swift; path = WODView.swift; sourceTree = "<group>"; };
		BA6B9C712841519900E17A49 /* CustomLabel.swift */ = {isa = PBXFileReference; lastKnownFileType = sourcecode.swift; path = CustomLabel.swift; sourceTree = "<group>"; };
		BA6B9C732841615800E17A49 /* CustomTableCell.swift */ = {isa = PBXFileReference; lastKnownFileType = sourcecode.swift; path = CustomTableCell.swift; sourceTree = "<group>"; };
		BA6B9C75284219E800E17A49 /* WODModel.swift */ = {isa = PBXFileReference; lastKnownFileType = sourcecode.swift; path = WODModel.swift; sourceTree = "<group>"; };
		BA6B9C7728421B9800E17A49 /* Server.swift */ = {isa = PBXFileReference; lastKnownFileType = sourcecode.swift; path = Server.swift; sourceTree = "<group>"; };
		BA8A66CD2848E51F00248EEF /* ProfileVC.swift */ = {isa = PBXFileReference; lastKnownFileType = sourcecode.swift; path = ProfileVC.swift; sourceTree = "<group>"; };
		BA8BB1CF28511E5600FD5268 /* LikedWODsVC.swift */ = {isa = PBXFileReference; lastKnownFileType = sourcecode.swift; path = LikedWODsVC.swift; sourceTree = "<group>"; };
		BA8C65E02843D8D700446FFC /* LogInVC.swift */ = {isa = PBXFileReference; lastKnownFileType = sourcecode.swift; path = LogInVC.swift; sourceTree = "<group>"; };
		BA8C65E22843DB2A00446FFC /* CustomTxtField.swift */ = {isa = PBXFileReference; lastKnownFileType = sourcecode.swift; path = CustomTxtField.swift; sourceTree = "<group>"; };
		BA8C65E42844B8A300446FFC /* SignUpVC.swift */ = {isa = PBXFileReference; lastKnownFileType = sourcecode.swift; path = SignUpVC.swift; sourceTree = "<group>"; };
		BA8D1872287F046D0091A0DE /* PopularWODsVC.swift */ = {isa = PBXFileReference; lastKnownFileType = sourcecode.swift; path = PopularWODsVC.swift; sourceTree = "<group>"; };
		BA90870F2872E7D800CD0AE4 /* AddWorkoutVC.swift */ = {isa = PBXFileReference; lastKnownFileType = sourcecode.swift; path = AddWorkoutVC.swift; sourceTree = "<group>"; };
		BA9168D1287485DA0094A7A7 /* ExerciseEditorVC.swift */ = {isa = PBXFileReference; lastKnownFileType = sourcecode.swift; path = ExerciseEditorVC.swift; sourceTree = "<group>"; };
/* End PBXFileReference section */

/* Begin PBXFrameworksBuildPhase section */
		BA6B9C22283FE7E700E17A49 /* Frameworks */ = {
			isa = PBXFrameworksBuildPhase;
			buildActionMask = 2147483647;
			files = (
				BA6B9C61283FEB3C00E17A49 /* FirebaseDatabase in Frameworks */,
				BA6B9C5F283FEB3C00E17A49 /* FirebaseAuth in Frameworks */,
				BA6B9C63283FEB3C00E17A49 /* FirebaseFirestore in Frameworks */,
			);
			runOnlyForDeploymentPostprocessing = 0;
		};
		BA6B9C3B283FE7EC00E17A49 /* Frameworks */ = {
			isa = PBXFrameworksBuildPhase;
			buildActionMask = 2147483647;
			files = (
			);
			runOnlyForDeploymentPostprocessing = 0;
		};
		BA6B9C45283FE7EC00E17A49 /* Frameworks */ = {
			isa = PBXFrameworksBuildPhase;
			buildActionMask = 2147483647;
			files = (
			);
			runOnlyForDeploymentPostprocessing = 0;
		};
/* End PBXFrameworksBuildPhase section */

/* Begin PBXGroup section */
		BA0A622D2864956F0099A44F /* Attributes */ = {
			isa = PBXGroup;
			children = (
				BA6B9C6D284105FC00E17A49 /* WorkoutCell.swift */,
				BA6B9C732841615800E17A49 /* CustomTableCell.swift */,
				BA01433E2864BA6B00984CA5 /* CustomHeader.swift */,
			);
			path = Attributes;
			sourceTree = "<group>";
		};
		BA6B9C1C283FE7E700E17A49 = {
			isa = PBXGroup;
			children = (
				BA6B9C27283FE7E700E17A49 /* FitYou */,
				BA6B9C41283FE7EC00E17A49 /* FitYouTests */,
				BA6B9C4B283FE7EC00E17A49 /* FitYouUITests */,
				BA6B9C26283FE7E700E17A49 /* Products */,
			);
			sourceTree = "<group>";
		};
		BA6B9C26283FE7E700E17A49 /* Products */ = {
			isa = PBXGroup;
			children = (
				BA6B9C25283FE7E700E17A49 /* FitYou.app */,
				BA6B9C3E283FE7EC00E17A49 /* FitYouTests.xctest */,
				BA6B9C48283FE7EC00E17A49 /* FitYouUITests.xctest */,
			);
			name = Products;
			sourceTree = "<group>";
		};
		BA6B9C27283FE7E700E17A49 /* FitYou */ = {
			isa = PBXGroup;
			children = (
				BA6B9C28283FE7E700E17A49 /* AppDelegate.swift */,
				BA6B9C2A283FE7E700E17A49 /* SceneDelegate.swift */,
				BA6B9C662840C33B00E17A49 /* Model */,
				BA6B9C652840C32F00E17A49 /* View */,
				BA6B9C642840C31B00E17A49 /* Controller */,
				BA6B9C34283FE7EB00E17A49 /* Assets.xcassets */,
				BA6B9C36283FE7EB00E17A49 /* LaunchScreen.storyboard */,
				BA6B9C39283FE7EB00E17A49 /* Info.plist */,
				BA6B9C5B283FE9A100E17A49 /* GoogleService-Info.plist */,
				BA6B9C31283FE7E700E17A49 /* FitYou.xcdatamodeld */,
			);
			path = FitYou;
			sourceTree = "<group>";
		};
		BA6B9C41283FE7EC00E17A49 /* FitYouTests */ = {
			isa = PBXGroup;
			children = (
				BA6B9C42283FE7EC00E17A49 /* FitYouTests.swift */,
			);
			path = FitYouTests;
			sourceTree = "<group>";
		};
		BA6B9C4B283FE7EC00E17A49 /* FitYouUITests */ = {
			isa = PBXGroup;
			children = (
				BA6B9C4C283FE7EC00E17A49 /* FitYouUITests.swift */,
				BA6B9C4E283FE7EC00E17A49 /* FitYouUITestsLaunchTests.swift */,
			);
			path = FitYouUITests;
			sourceTree = "<group>";
		};
		BA6B9C642840C31B00E17A49 /* Controller */ = {
			isa = PBXGroup;
			children = (
				BA8C65DF2843D8B000446FFC /* MenuVCs */,
				BA6B9C2C283FE7E700E17A49 /* MainVC.swift */,
				BA6B9C6F284126FA00E17A49 /* WODView.swift */,
				BA6B9C6B2840E9B900E17A49 /* WorkoutsVC.swift */,
				BA0A622E2864962D0099A44F /* ExercisesVC.swift */,
				BA90870F2872E7D800CD0AE4 /* AddWorkoutVC.swift */,
				BA9168D1287485DA0094A7A7 /* ExerciseEditorVC.swift */,
				BA8D1872287F046D0091A0DE /* PopularWODsVC.swift */,
			);
			path = Controller;
			sourceTree = "<group>";
		};
		BA6B9C652840C32F00E17A49 /* View */ = {
			isa = PBXGroup;
			children = (
				BA6B9C672840C3AB00E17A49 /* WODHeader.swift */,
				BA6B9C692840D78D00E17A49 /* SectionButton.swift */,
				BA6B9C712841519900E17A49 /* CustomLabel.swift */,
				BA8C65E22843DB2A00446FFC /* CustomTxtField.swift */,
				BA0A622D2864956F0099A44F /* Attributes */,
			);
			path = View;
			sourceTree = "<group>";
		};
		BA6B9C662840C33B00E17A49 /* Model */ = {
			isa = PBXGroup;
			children = (
				BA6B9C75284219E800E17A49 /* WODModel.swift */,
				BA6B9C7728421B9800E17A49 /* Server.swift */,
				BA0A622B286378BF0099A44F /* ExercisesLibrary.swift */,
			);
			path = Model;
			sourceTree = "<group>";
		};
		BA8C65DF2843D8B000446FFC /* MenuVCs */ = {
			isa = PBXGroup;
			children = (
				BA8C65E02843D8D700446FFC /* LogInVC.swift */,
				BA8C65E42844B8A300446FFC /* SignUpVC.swift */,
				BA8A66CD2848E51F00248EEF /* ProfileVC.swift */,
				BA8BB1CF28511E5600FD5268 /* LikedWODsVC.swift */,
				BA2F6BB9285253AF00754A7A /* MyWODsVC.swift */,
			);
			path = MenuVCs;
			sourceTree = "<group>";
		};
/* End PBXGroup section */

/* Begin PBXNativeTarget section */
		BA6B9C24283FE7E700E17A49 /* FitYou */ = {
			isa = PBXNativeTarget;
			buildConfigurationList = BA6B9C52283FE7EC00E17A49 /* Build configuration list for PBXNativeTarget "FitYou" */;
			buildPhases = (
				BA6B9C21283FE7E700E17A49 /* Sources */,
				BA6B9C22283FE7E700E17A49 /* Frameworks */,
				BA6B9C23283FE7E700E17A49 /* Resources */,
			);
			buildRules = (
			);
			dependencies = (
			);
			name = FitYou;
			packageProductDependencies = (
				BA6B9C5E283FEB3C00E17A49 /* FirebaseAuth */,
				BA6B9C60283FEB3C00E17A49 /* FirebaseDatabase */,
				BA6B9C62283FEB3C00E17A49 /* FirebaseFirestore */,
			);
			productName = FitYou;
			productReference = BA6B9C25283FE7E700E17A49 /* FitYou.app */;
			productType = "com.apple.product-type.application";
		};
		BA6B9C3D283FE7EC00E17A49 /* FitYouTests */ = {
			isa = PBXNativeTarget;
			buildConfigurationList = BA6B9C55283FE7EC00E17A49 /* Build configuration list for PBXNativeTarget "FitYouTests" */;
			buildPhases = (
				BA6B9C3A283FE7EC00E17A49 /* Sources */,
				BA6B9C3B283FE7EC00E17A49 /* Frameworks */,
				BA6B9C3C283FE7EC00E17A49 /* Resources */,
			);
			buildRules = (
			);
			dependencies = (
				BA6B9C40283FE7EC00E17A49 /* PBXTargetDependency */,
			);
			name = FitYouTests;
			productName = FitYouTests;
			productReference = BA6B9C3E283FE7EC00E17A49 /* FitYouTests.xctest */;
			productType = "com.apple.product-type.bundle.unit-test";
		};
		BA6B9C47283FE7EC00E17A49 /* FitYouUITests */ = {
			isa = PBXNativeTarget;
			buildConfigurationList = BA6B9C58283FE7EC00E17A49 /* Build configuration list for PBXNativeTarget "FitYouUITests" */;
			buildPhases = (
				BA6B9C44283FE7EC00E17A49 /* Sources */,
				BA6B9C45283FE7EC00E17A49 /* Frameworks */,
				BA6B9C46283FE7EC00E17A49 /* Resources */,
			);
			buildRules = (
			);
			dependencies = (
				BA6B9C4A283FE7EC00E17A49 /* PBXTargetDependency */,
			);
			name = FitYouUITests;
			productName = FitYouUITests;
			productReference = BA6B9C48283FE7EC00E17A49 /* FitYouUITests.xctest */;
			productType = "com.apple.product-type.bundle.ui-testing";
		};
/* End PBXNativeTarget section */

/* Begin PBXProject section */
		BA6B9C1D283FE7E700E17A49 /* Project object */ = {
			isa = PBXProject;
			attributes = {
				BuildIndependentTargetsInParallel = 1;
				LastSwiftUpdateCheck = 1330;
				LastUpgradeCheck = 1330;
				TargetAttributes = {
					BA6B9C24283FE7E700E17A49 = {
						CreatedOnToolsVersion = 13.3.1;
					};
					BA6B9C3D283FE7EC00E17A49 = {
						CreatedOnToolsVersion = 13.3.1;
						TestTargetID = BA6B9C24283FE7E700E17A49;
					};
					BA6B9C47283FE7EC00E17A49 = {
						CreatedOnToolsVersion = 13.3.1;
						TestTargetID = BA6B9C24283FE7E700E17A49;
					};
				};
			};
			buildConfigurationList = BA6B9C20283FE7E700E17A49 /* Build configuration list for PBXProject "FitYou" */;
			compatibilityVersion = "Xcode 13.0";
			developmentRegion = en;
			hasScannedForEncodings = 0;
			knownRegions = (
				en,
				Base,
			);
			mainGroup = BA6B9C1C283FE7E700E17A49;
			packageReferences = (
				BA6B9C5D283FEB3C00E17A49 /* XCRemoteSwiftPackageReference "firebase-ios-sdk" */,
			);
			productRefGroup = BA6B9C26283FE7E700E17A49 /* Products */;
			projectDirPath = "";
			projectRoot = "";
			targets = (
				BA6B9C24283FE7E700E17A49 /* FitYou */,
				BA6B9C3D283FE7EC00E17A49 /* FitYouTests */,
				BA6B9C47283FE7EC00E17A49 /* FitYouUITests */,
			);
		};
/* End PBXProject section */

/* Begin PBXResourcesBuildPhase section */
		BA6B9C23283FE7E700E17A49 /* Resources */ = {
			isa = PBXResourcesBuildPhase;
			buildActionMask = 2147483647;
			files = (
				BA6B9C38283FE7EB00E17A49 /* LaunchScreen.storyboard in Resources */,
				BA6B9C35283FE7EB00E17A49 /* Assets.xcassets in Resources */,
				BA6B9C5C283FE9A100E17A49 /* GoogleService-Info.plist in Resources */,
			);
			runOnlyForDeploymentPostprocessing = 0;
		};
		BA6B9C3C283FE7EC00E17A49 /* Resources */ = {
			isa = PBXResourcesBuildPhase;
			buildActionMask = 2147483647;
			files = (
			);
			runOnlyForDeploymentPostprocessing = 0;
		};
		BA6B9C46283FE7EC00E17A49 /* Resources */ = {
			isa = PBXResourcesBuildPhase;
			buildActionMask = 2147483647;
			files = (
			);
			runOnlyForDeploymentPostprocessing = 0;
		};
/* End PBXResourcesBuildPhase section */

/* Begin PBXSourcesBuildPhase section */
		BA6B9C21283FE7E700E17A49 /* Sources */ = {
			isa = PBXSourcesBuildPhase;
			buildActionMask = 2147483647;
			files = (
				BA8C65E12843D8D700446FFC /* LogInVC.swift in Sources */,
				BA9168D2287485DB0094A7A7 /* ExerciseEditorVC.swift in Sources */,
				BA6B9C76284219E800E17A49 /* WODModel.swift in Sources */,
				BA6B9C6C2840E9B900E17A49 /* WorkoutsVC.swift in Sources */,
				BA9087102872E7D800CD0AE4 /* AddWorkoutVC.swift in Sources */,
				BA6B9C722841519900E17A49 /* CustomLabel.swift in Sources */,
				BA6B9C682840C3AB00E17A49 /* WODHeader.swift in Sources */,
				BA8BB1D028511E5600FD5268 /* LikedWODsVC.swift in Sources */,
				BA8D1873287F046E0091A0DE /* PopularWODsVC.swift in Sources */,
				BA6B9C70284126FA00E17A49 /* WODView.swift in Sources */,
				BA6B9C2D283FE7E700E17A49 /* MainVC.swift in Sources */,
				BA6B9C29283FE7E700E17A49 /* AppDelegate.swift in Sources */,
				BA0A622F2864962D0099A44F /* ExercisesVC.swift in Sources */,
				BA8C65E52844B8A300446FFC /* SignUpVC.swift in Sources */,
				BA01433F2864BA6B00984CA5 /* CustomHeader.swift in Sources */,
				BA6B9C6A2840D78D00E17A49 /* SectionButton.swift in Sources */,
				BA6B9C742841615800E17A49 /* CustomTableCell.swift in Sources */,
				BA6B9C2B283FE7E700E17A49 /* SceneDelegate.swift in Sources */,
				BA6B9C33283FE7E700E17A49 /* FitYou.xcdatamodeld in Sources */,
				BA8A66CE2848E52000248EEF /* ProfileVC.swift in Sources */,
				BA6B9C7828421B9800E17A49 /* Server.swift in Sources */,
				BA8C65E32843DB2A00446FFC /* CustomTxtField.swift in Sources */,
				BA0A622C286378BF0099A44F /* ExercisesLibrary.swift in Sources */,
				BA6B9C6E284105FC00E17A49 /* WorkoutCell.swift in Sources */,
				BA2F6BBA285253AF00754A7A /* MyWODsVC.swift in Sources */,
			);
			runOnlyForDeploymentPostprocessing = 0;
		};
		BA6B9C3A283FE7EC00E17A49 /* Sources */ = {
			isa = PBXSourcesBuildPhase;
			buildActionMask = 2147483647;
			files = (
				BA6B9C43283FE7EC00E17A49 /* FitYouTests.swift in Sources */,
			);
			runOnlyForDeploymentPostprocessing = 0;
		};
		BA6B9C44283FE7EC00E17A49 /* Sources */ = {
			isa = PBXSourcesBuildPhase;
			buildActionMask = 2147483647;
			files = (
				BA6B9C4F283FE7EC00E17A49 /* FitYouUITestsLaunchTests.swift in Sources */,
				BA6B9C4D283FE7EC00E17A49 /* FitYouUITests.swift in Sources */,
			);
			runOnlyForDeploymentPostprocessing = 0;
		};
/* End PBXSourcesBuildPhase section */

/* Begin PBXTargetDependency section */
		BA6B9C40283FE7EC00E17A49 /* PBXTargetDependency */ = {
			isa = PBXTargetDependency;
			target = BA6B9C24283FE7E700E17A49 /* FitYou */;
			targetProxy = BA6B9C3F283FE7EC00E17A49 /* PBXContainerItemProxy */;
		};
		BA6B9C4A283FE7EC00E17A49 /* PBXTargetDependency */ = {
			isa = PBXTargetDependency;
			target = BA6B9C24283FE7E700E17A49 /* FitYou */;
			targetProxy = BA6B9C49283FE7EC00E17A49 /* PBXContainerItemProxy */;
		};
/* End PBXTargetDependency section */

/* Begin PBXVariantGroup section */
		BA6B9C36283FE7EB00E17A49 /* LaunchScreen.storyboard */ = {
			isa = PBXVariantGroup;
			children = (
				BA6B9C37283FE7EB00E17A49 /* Base */,
			);
			name = LaunchScreen.storyboard;
			sourceTree = "<group>";
		};
/* End PBXVariantGroup section */

/* Begin XCBuildConfiguration section */
		BA6B9C50283FE7EC00E17A49 /* Debug */ = {
			isa = XCBuildConfiguration;
			buildSettings = {
				ALWAYS_SEARCH_USER_PATHS = NO;
				CLANG_ANALYZER_NONNULL = YES;
				CLANG_ANALYZER_NUMBER_OBJECT_CONVERSION = YES_AGGRESSIVE;
				CLANG_CXX_LANGUAGE_STANDARD = "gnu++17";
				CLANG_ENABLE_MODULES = YES;
				CLANG_ENABLE_OBJC_ARC = YES;
				CLANG_ENABLE_OBJC_WEAK = YES;
				CLANG_WARN_BLOCK_CAPTURE_AUTORELEASING = YES;
				CLANG_WARN_BOOL_CONVERSION = YES;
				CLANG_WARN_COMMA = YES;
				CLANG_WARN_CONSTANT_CONVERSION = YES;
				CLANG_WARN_DEPRECATED_OBJC_IMPLEMENTATIONS = YES;
				CLANG_WARN_DIRECT_OBJC_ISA_USAGE = YES_ERROR;
				CLANG_WARN_DOCUMENTATION_COMMENTS = YES;
				CLANG_WARN_EMPTY_BODY = YES;
				CLANG_WARN_ENUM_CONVERSION = YES;
				CLANG_WARN_INFINITE_RECURSION = YES;
				CLANG_WARN_INT_CONVERSION = YES;
				CLANG_WARN_NON_LITERAL_NULL_CONVERSION = YES;
				CLANG_WARN_OBJC_IMPLICIT_RETAIN_SELF = YES;
				CLANG_WARN_OBJC_LITERAL_CONVERSION = YES;
				CLANG_WARN_OBJC_ROOT_CLASS = YES_ERROR;
				CLANG_WARN_QUOTED_INCLUDE_IN_FRAMEWORK_HEADER = YES;
				CLANG_WARN_RANGE_LOOP_ANALYSIS = YES;
				CLANG_WARN_STRICT_PROTOTYPES = YES;
				CLANG_WARN_SUSPICIOUS_MOVE = YES;
				CLANG_WARN_UNGUARDED_AVAILABILITY = YES_AGGRESSIVE;
				CLANG_WARN_UNREACHABLE_CODE = YES;
				CLANG_WARN__DUPLICATE_METHOD_MATCH = YES;
				COPY_PHASE_STRIP = NO;
				DEBUG_INFORMATION_FORMAT = dwarf;
				ENABLE_STRICT_OBJC_MSGSEND = YES;
				ENABLE_TESTABILITY = YES;
				GCC_C_LANGUAGE_STANDARD = gnu11;
				GCC_DYNAMIC_NO_PIC = NO;
				GCC_NO_COMMON_BLOCKS = YES;
				GCC_OPTIMIZATION_LEVEL = 0;
				GCC_PREPROCESSOR_DEFINITIONS = (
					"DEBUG=1",
					"$(inherited)",
				);
				GCC_WARN_64_TO_32_BIT_CONVERSION = YES;
				GCC_WARN_ABOUT_RETURN_TYPE = YES_ERROR;
				GCC_WARN_UNDECLARED_SELECTOR = YES;
				GCC_WARN_UNINITIALIZED_AUTOS = YES_AGGRESSIVE;
				GCC_WARN_UNUSED_FUNCTION = YES;
				GCC_WARN_UNUSED_VARIABLE = YES;
				IPHONEOS_DEPLOYMENT_TARGET = 15.5;
				MTL_ENABLE_DEBUG_INFO = INCLUDE_SOURCE;
				MTL_FAST_MATH = YES;
				ONLY_ACTIVE_ARCH = YES;
				SDKROOT = iphoneos;
				SWIFT_ACTIVE_COMPILATION_CONDITIONS = DEBUG;
				SWIFT_OPTIMIZATION_LEVEL = "-Onone";
			};
			name = Debug;
		};
		BA6B9C51283FE7EC00E17A49 /* Release */ = {
			isa = XCBuildConfiguration;
			buildSettings = {
				ALWAYS_SEARCH_USER_PATHS = NO;
				CLANG_ANALYZER_NONNULL = YES;
				CLANG_ANALYZER_NUMBER_OBJECT_CONVERSION = YES_AGGRESSIVE;
				CLANG_CXX_LANGUAGE_STANDARD = "gnu++17";
				CLANG_ENABLE_MODULES = YES;
				CLANG_ENABLE_OBJC_ARC = YES;
				CLANG_ENABLE_OBJC_WEAK = YES;
				CLANG_WARN_BLOCK_CAPTURE_AUTORELEASING = YES;
				CLANG_WARN_BOOL_CONVERSION = YES;
				CLANG_WARN_COMMA = YES;
				CLANG_WARN_CONSTANT_CONVERSION = YES;
				CLANG_WARN_DEPRECATED_OBJC_IMPLEMENTATIONS = YES;
				CLANG_WARN_DIRECT_OBJC_ISA_USAGE = YES_ERROR;
				CLANG_WARN_DOCUMENTATION_COMMENTS = YES;
				CLANG_WARN_EMPTY_BODY = YES;
				CLANG_WARN_ENUM_CONVERSION = YES;
				CLANG_WARN_INFINITE_RECURSION = YES;
				CLANG_WARN_INT_CONVERSION = YES;
				CLANG_WARN_NON_LITERAL_NULL_CONVERSION = YES;
				CLANG_WARN_OBJC_IMPLICIT_RETAIN_SELF = YES;
				CLANG_WARN_OBJC_LITERAL_CONVERSION = YES;
				CLANG_WARN_OBJC_ROOT_CLASS = YES_ERROR;
				CLANG_WARN_QUOTED_INCLUDE_IN_FRAMEWORK_HEADER = YES;
				CLANG_WARN_RANGE_LOOP_ANALYSIS = YES;
				CLANG_WARN_STRICT_PROTOTYPES = YES;
				CLANG_WARN_SUSPICIOUS_MOVE = YES;
				CLANG_WARN_UNGUARDED_AVAILABILITY = YES_AGGRESSIVE;
				CLANG_WARN_UNREACHABLE_CODE = YES;
				CLANG_WARN__DUPLICATE_METHOD_MATCH = YES;
				COPY_PHASE_STRIP = NO;
				DEBUG_INFORMATION_FORMAT = "dwarf-with-dsym";
				ENABLE_NS_ASSERTIONS = NO;
				ENABLE_STRICT_OBJC_MSGSEND = YES;
				GCC_C_LANGUAGE_STANDARD = gnu11;
				GCC_NO_COMMON_BLOCKS = YES;
				GCC_WARN_64_TO_32_BIT_CONVERSION = YES;
				GCC_WARN_ABOUT_RETURN_TYPE = YES_ERROR;
				GCC_WARN_UNDECLARED_SELECTOR = YES;
				GCC_WARN_UNINITIALIZED_AUTOS = YES_AGGRESSIVE;
				GCC_WARN_UNUSED_FUNCTION = YES;
				GCC_WARN_UNUSED_VARIABLE = YES;
				IPHONEOS_DEPLOYMENT_TARGET = 15.5;
				MTL_ENABLE_DEBUG_INFO = NO;
				MTL_FAST_MATH = YES;
				SDKROOT = iphoneos;
				SWIFT_COMPILATION_MODE = wholemodule;
				SWIFT_OPTIMIZATION_LEVEL = "-O";
				VALIDATE_PRODUCT = YES;
			};
			name = Release;
		};
		BA6B9C53283FE7EC00E17A49 /* Debug */ = {
			isa = XCBuildConfiguration;
			buildSettings = {
				ASSETCATALOG_COMPILER_APPICON_NAME = AppIcon;
				ASSETCATALOG_COMPILER_GLOBAL_ACCENT_COLOR_NAME = AccentColor;
				CODE_SIGN_STYLE = Automatic;
				CURRENT_PROJECT_VERSION = 2;
				DEVELOPMENT_TEAM = KC6374BX74;
				GENERATE_INFOPLIST_FILE = YES;
				INFOPLIST_FILE = FitYou/Info.plist;
				INFOPLIST_KEY_UIApplicationSupportsIndirectInputEvents = YES;
				INFOPLIST_KEY_UILaunchStoryboardName = LaunchScreen;
				INFOPLIST_KEY_UISupportedInterfaceOrientations = UIInterfaceOrientationPortrait;
				INFOPLIST_KEY_UISupportedInterfaceOrientations_iPad = "UIInterfaceOrientationPortrait UIInterfaceOrientationPortraitUpsideDown UIInterfaceOrientationLandscapeLeft UIInterfaceOrientationLandscapeRight";
				INFOPLIST_KEY_UISupportedInterfaceOrientations_iPhone = "UIInterfaceOrientationPortrait UIInterfaceOrientationLandscapeLeft UIInterfaceOrientationLandscapeRight";
				LD_RUNPATH_SEARCH_PATHS = (
					"$(inherited)",
					"@executable_path/Frameworks",
				);
				MARKETING_VERSION = 0.3.2;
				PRODUCT_BUNDLE_IDENTIFIER = markosian.FitYou;
				PRODUCT_NAME = "$(TARGET_NAME)";
				SWIFT_EMIT_LOC_STRINGS = YES;
				SWIFT_VERSION = 5.0;
				TARGETED_DEVICE_FAMILY = 1;
			};
			name = Debug;
		};
		BA6B9C54283FE7EC00E17A49 /* Release */ = {
			isa = XCBuildConfiguration;
			buildSettings = {
				ASSETCATALOG_COMPILER_APPICON_NAME = AppIcon;
				ASSETCATALOG_COMPILER_GLOBAL_ACCENT_COLOR_NAME = AccentColor;
				CODE_SIGN_STYLE = Automatic;
				CURRENT_PROJECT_VERSION = 2;
				DEVELOPMENT_TEAM = KC6374BX74;
				GENERATE_INFOPLIST_FILE = YES;
				INFOPLIST_FILE = FitYou/Info.plist;
				INFOPLIST_KEY_UIApplicationSupportsIndirectInputEvents = YES;
				INFOPLIST_KEY_UILaunchStoryboardName = LaunchScreen;
				INFOPLIST_KEY_UISupportedInterfaceOrientations = UIInterfaceOrientationPortrait;
				INFOPLIST_KEY_UISupportedInterfaceOrientations_iPad = "UIInterfaceOrientationPortrait UIInterfaceOrientationPortraitUpsideDown UIInterfaceOrientationLandscapeLeft UIInterfaceOrientationLandscapeRight";
				INFOPLIST_KEY_UISupportedInterfaceOrientations_iPhone = "UIInterfaceOrientationPortrait UIInterfaceOrientationLandscapeLeft UIInterfaceOrientationLandscapeRight";
				LD_RUNPATH_SEARCH_PATHS = (
					"$(inherited)",
					"@executable_path/Frameworks",
				);
				MARKETING_VERSION = 0.3.2;
				PRODUCT_BUNDLE_IDENTIFIER = markosian.FitYou;
				PRODUCT_NAME = "$(TARGET_NAME)";
				SWIFT_EMIT_LOC_STRINGS = YES;
				SWIFT_VERSION = 5.0;
				TARGETED_DEVICE_FAMILY = 1;
			};
			name = Release;
		};
		BA6B9C56283FE7EC00E17A49 /* Debug */ = {
			isa = XCBuildConfiguration;
			buildSettings = {
				ALWAYS_EMBED_SWIFT_STANDARD_LIBRARIES = YES;
				BUNDLE_LOADER = "$(TEST_HOST)";
				CODE_SIGN_STYLE = Automatic;
				CURRENT_PROJECT_VERSION = 1;
				DEVELOPMENT_TEAM = KC6374BX74;
				GENERATE_INFOPLIST_FILE = YES;
				IPHONEOS_DEPLOYMENT_TARGET = 15.4;
				MARKETING_VERSION = 1.0;
				PRODUCT_BUNDLE_IDENTIFIER = markosian.FitYouTests;
				PRODUCT_NAME = "$(TARGET_NAME)";
				SWIFT_EMIT_LOC_STRINGS = NO;
				SWIFT_VERSION = 5.0;
				TARGETED_DEVICE_FAMILY = "1,2";
				TEST_HOST = "$(BUILT_PRODUCTS_DIR)/FitYou.app/FitYou";
			};
			name = Debug;
		};
		BA6B9C57283FE7EC00E17A49 /* Release */ = {
			isa = XCBuildConfiguration;
			buildSettings = {
				ALWAYS_EMBED_SWIFT_STANDARD_LIBRARIES = YES;
				BUNDLE_LOADER = "$(TEST_HOST)";
				CODE_SIGN_STYLE = Automatic;
				CURRENT_PROJECT_VERSION = 1;
				DEVELOPMENT_TEAM = KC6374BX74;
				GENERATE_INFOPLIST_FILE = YES;
				IPHONEOS_DEPLOYMENT_TARGET = 15.4;
				MARKETING_VERSION = 1.0;
				PRODUCT_BUNDLE_IDENTIFIER = markosian.FitYouTests;
				PRODUCT_NAME = "$(TARGET_NAME)";
				SWIFT_EMIT_LOC_STRINGS = NO;
				SWIFT_VERSION = 5.0;
				TARGETED_DEVICE_FAMILY = "1,2";
				TEST_HOST = "$(BUILT_PRODUCTS_DIR)/FitYou.app/FitYou";
			};
			name = Release;
		};
		BA6B9C59283FE7EC00E17A49 /* Debug */ = {
			isa = XCBuildConfiguration;
			buildSettings = {
				ALWAYS_EMBED_SWIFT_STANDARD_LIBRARIES = YES;
				CODE_SIGN_STYLE = Automatic;
				CURRENT_PROJECT_VERSION = 1;
				DEVELOPMENT_TEAM = KC6374BX74;
				GENERATE_INFOPLIST_FILE = YES;
				MARKETING_VERSION = 1.0;
				PRODUCT_BUNDLE_IDENTIFIER = markosian.FitYouUITests;
				PRODUCT_NAME = "$(TARGET_NAME)";
				SWIFT_EMIT_LOC_STRINGS = NO;
				SWIFT_VERSION = 5.0;
				TARGETED_DEVICE_FAMILY = "1,2";
				TEST_TARGET_NAME = FitYou;
			};
			name = Debug;
		};
		BA6B9C5A283FE7EC00E17A49 /* Release */ = {
			isa = XCBuildConfiguration;
			buildSettings = {
				ALWAYS_EMBED_SWIFT_STANDARD_LIBRARIES = YES;
				CODE_SIGN_STYLE = Automatic;
				CURRENT_PROJECT_VERSION = 1;
				DEVELOPMENT_TEAM = KC6374BX74;
				GENERATE_INFOPLIST_FILE = YES;
				MARKETING_VERSION = 1.0;
				PRODUCT_BUNDLE_IDENTIFIER = markosian.FitYouUITests;
				PRODUCT_NAME = "$(TARGET_NAME)";
				SWIFT_EMIT_LOC_STRINGS = NO;
				SWIFT_VERSION = 5.0;
				TARGETED_DEVICE_FAMILY = "1,2";
				TEST_TARGET_NAME = FitYou;
			};
			name = Release;
		};
/* End XCBuildConfiguration section */

/* Begin XCConfigurationList section */
		BA6B9C20283FE7E700E17A49 /* Build configuration list for PBXProject "FitYou" */ = {
			isa = XCConfigurationList;
			buildConfigurations = (
				BA6B9C50283FE7EC00E17A49 /* Debug */,
				BA6B9C51283FE7EC00E17A49 /* Release */,
			);
			defaultConfigurationIsVisible = 0;
			defaultConfigurationName = Release;
		};
		BA6B9C52283FE7EC00E17A49 /* Build configuration list for PBXNativeTarget "FitYou" */ = {
			isa = XCConfigurationList;
			buildConfigurations = (
				BA6B9C53283FE7EC00E17A49 /* Debug */,
				BA6B9C54283FE7EC00E17A49 /* Release */,
			);
			defaultConfigurationIsVisible = 0;
			defaultConfigurationName = Release;
		};
		BA6B9C55283FE7EC00E17A49 /* Build configuration list for PBXNativeTarget "FitYouTests" */ = {
			isa = XCConfigurationList;
			buildConfigurations = (
				BA6B9C56283FE7EC00E17A49 /* Debug */,
				BA6B9C57283FE7EC00E17A49 /* Release */,
			);
			defaultConfigurationIsVisible = 0;
			defaultConfigurationName = Release;
		};
		BA6B9C58283FE7EC00E17A49 /* Build configuration list for PBXNativeTarget "FitYouUITests" */ = {
			isa = XCConfigurationList;
			buildConfigurations = (
				BA6B9C59283FE7EC00E17A49 /* Debug */,
				BA6B9C5A283FE7EC00E17A49 /* Release */,
			);
			defaultConfigurationIsVisible = 0;
			defaultConfigurationName = Release;
		};
/* End XCConfigurationList section */

/* Begin XCRemoteSwiftPackageReference section */
		BA6B9C5D283FEB3C00E17A49 /* XCRemoteSwiftPackageReference "firebase-ios-sdk" */ = {
			isa = XCRemoteSwiftPackageReference;
			repositoryURL = "https://github.com/firebase/firebase-ios-sdk";
			requirement = {
				kind = upToNextMajorVersion;
				minimumVersion = 9.0.0;
			};
		};
/* End XCRemoteSwiftPackageReference section */

/* Begin XCSwiftPackageProductDependency section */
		BA6B9C5E283FEB3C00E17A49 /* FirebaseAuth */ = {
			isa = XCSwiftPackageProductDependency;
			package = BA6B9C5D283FEB3C00E17A49 /* XCRemoteSwiftPackageReference "firebase-ios-sdk" */;
			productName = FirebaseAuth;
		};
		BA6B9C60283FEB3C00E17A49 /* FirebaseDatabase */ = {
			isa = XCSwiftPackageProductDependency;
			package = BA6B9C5D283FEB3C00E17A49 /* XCRemoteSwiftPackageReference "firebase-ios-sdk" */;
			productName = FirebaseDatabase;
		};
		BA6B9C62283FEB3C00E17A49 /* FirebaseFirestore */ = {
			isa = XCSwiftPackageProductDependency;
			package = BA6B9C5D283FEB3C00E17A49 /* XCRemoteSwiftPackageReference "firebase-ios-sdk" */;
			productName = FirebaseFirestore;
		};
/* End XCSwiftPackageProductDependency section */

/* Begin XCVersionGroup section */
		BA6B9C31283FE7E700E17A49 /* FitYou.xcdatamodeld */ = {
			isa = XCVersionGroup;
			children = (
				BA6B9C32283FE7E700E17A49 /* FitYou.xcdatamodel */,
			);
			currentVersion = BA6B9C32283FE7E700E17A49 /* FitYou.xcdatamodel */;
			path = FitYou.xcdatamodeld;
			sourceTree = "<group>";
			versionGroupType = wrapper.xcdatamodel;
		};
/* End XCVersionGroup section */
	};
	rootObject = BA6B9C1D283FE7E700E17A49 /* Project object */;
}
